
Microsoft Visual Studio Solution File, Format Version 12.00
# Visual Studio 15
VisualStudioVersion = 15.0.28307.757
MinimumVisualStudioVersion = 10.0.40219.1
Project("{FAE04EC0-301F-11D3-BF4B-00C04F79EFBC}") = "StoreroomMain", "StoreroomMain\StoreroomMain.csproj", "{EA607E36-703D-4FCA-82F5-932E418814FE}"
EndProject
Global
	GlobalSection(SolutionConfigurationPlatforms) = preSolution
		Debug|Any CPU = Debug|Any CPU
		Release|Any CPU = Release|Any CPU
	EndGlobalSection
	GlobalSection(ProjectConfigurationPlatforms) = postSolution
		{EA607E36-703D-4FCA-82F5-932E418814FE}.Debug|Any CPU.ActiveCfg = Debug|Any CPU
		{EA607E36-703D-4FCA-82F5-932E418814FE}.Debug|Any CPU.Build.0 = Debug|Any CPU
		{EA607E36-703D-4FCA-82F5-932E418814FE}.Release|Any CPU.ActiveCfg = Release|Any CPU
		{EA607E36-703D-4FCA-82F5-932E418814FE}.Release|Any CPU.Build.0 = Release|Any CPU
	EndGlobalSection
	GlobalSection(SolutionProperties) = preSolution
		HideSolutionNode = FALSE
	EndGlobalSection
	GlobalSection(ExtensibilityGlobals) = postSolution
		SolutionGuid = {153A70DD-A7FE-4DF5-932C-A079BD86F4F5}
	EndGlobalSection
EndGlobal
